
Microsoft Visual Studio Solution File, Format Version 12.00
# Visual Studio Version 16
VisualStudioVersion = 16.0.31424.327
MinimumVisualStudioVersion = 10.0.40219.1
Project("{FAE04EC0-301F-11D3-BF4B-00C04F79EFBC}") = "RensaOSD", "RensaOSD\RensaOSD.csproj", "{B47B378C-D854-43C3-A231-FF0F1A7B1540}"
EndProject
Global
	GlobalSection(SolutionConfigurationPlatforms) = preSolution
		Debug|Any CPU = Debug|Any CPU
		Release|Any CPU = Release|Any CPU
	EndGlobalSection
	GlobalSection(ProjectConfigurationPlatforms) = postSolution
		{B47B378C-D854-43C3-A231-FF0F1A7B1540}.Debug|Any CPU.ActiveCfg = Debug|Any CPU
		{B47B378C-D854-43C3-A231-FF0F1A7B1540}.Debug|Any CPU.Build.0 = Debug|Any CPU
		{B47B378C-D854-43C3-A231-FF0F1A7B1540}.Release|Any CPU.ActiveCfg = Release|Any CPU
		{B47B378C-D854-43C3-A231-FF0F1A7B1540}.Release|Any CPU.Build.0 = Release|Any CPU
	EndGlobalSection
	GlobalSection(SolutionProperties) = preSolution
		HideSolutionNode = FALSE
	EndGlobalSection
	GlobalSection(ExtensibilityGlobals) = postSolution
		SolutionGuid = {4F4D0287-2AE4-4B7E-A539-E429C7284318}
	EndGlobalSection
EndGlobal
